
Microsoft Visual Studio Solution File, Format Version 12.00
Project("{FAE04EC0-301F-11D3-BF4B-00C04F79EFBC}") = "RefTestManagement.Domain", "RefTestManagement.Domain\RefTestManagement.Domain.csproj", "{5BC1136B-A1AA-4837-B432-5C9C3605E85D}"
EndProject
Project("{FAE04EC0-301F-11D3-BF4B-00C04F79EFBC}") = "RefTestManagement.Infrastructure", "RefTestManagement.Infrastructure\RefTestManagement.Infrastructure.csproj", "{284DF281-98C8-485D-B372-7FA3E4DB956A}"
EndProject
Project("{FAE04EC0-301F-11D3-BF4B-00C04F79EFBC}") = "RefTestManagement.Application", "RefTestManagement.Application\RefTestManagement.Application.csproj", "{DDC1C550-52ED-4986-86A8-3BDB044CD959}"
EndProject
Project("{FAE04EC0-301F-11D3-BF4B-00C04F79EFBC}") = "RefTestManagement.Api", "RefTestManagement.Api\RefTestManagement.Api.csproj", "{6D1596A7-1C50-4C6C-B083-49FF834245BA}"
EndProject
Project("{2150E333-8FDC-42A3-9474-1A3956D46DE8}") = "Solution Items", "Solution Items", "{5D121D3F-777E-4C19-9815-4AACAE785239}"
	ProjectSection(SolutionItems) = preProject
		.gitignore = .gitignore
		README.md = README.md
		dotnet-tools.json = dotnet-tools.json
	EndProjectSection
EndProject
Project("{FAE04EC0-301F-11D3-BF4B-00C04F79EFBC}") = "RefTestManagement.Permissions", "RefTestManagement.Permissions\RefTestManagement.Permissions.csproj", "{D3844B3B-6948-41A3-AD82-31802C87C1A8}"
EndProject
Project("{FAE04EC0-301F-11D3-BF4B-00C04F79EFBC}") = "RefTestManagement.AuditLog", "RefTestManagement.AuditLog\RefTestManagement.AuditLog.csproj", "{3E6486AB-6FC7-49D7-8F19-9A9669B1F4DA}"
EndProject
Global
	GlobalSection(SolutionConfigurationPlatforms) = preSolution
		Debug|Any CPU = Debug|Any CPU
		Debug|x64 = Debug|x64
		Debug|x86 = Debug|x86
		Release|Any CPU = Release|Any CPU
		Release|x64 = Release|x64
		Release|x86 = Release|x86
	EndGlobalSection
	GlobalSection(ProjectConfigurationPlatforms) = postSolution
		{5BC1136B-A1AA-4837-B432-5C9C3605E85D}.Debug|Any CPU.ActiveCfg = Debug|Any CPU
		{5BC1136B-A1AA-4837-B432-5C9C3605E85D}.Debug|Any CPU.Build.0 = Debug|Any CPU
		{5BC1136B-A1AA-4837-B432-5C9C3605E85D}.Debug|x64.ActiveCfg = Debug|Any CPU
		{5BC1136B-A1AA-4837-B432-5C9C3605E85D}.Debug|x64.Build.0 = Debug|Any CPU
		{5BC1136B-A1AA-4837-B432-5C9C3605E85D}.Debug|x86.ActiveCfg = Debug|Any CPU
		{5BC1136B-A1AA-4837-B432-5C9C3605E85D}.Debug|x86.Build.0 = Debug|Any CPU
		{5BC1136B-A1AA-4837-B432-5C9C3605E85D}.Release|Any CPU.ActiveCfg = Release|Any CPU
		{5BC1136B-A1AA-4837-B432-5C9C3605E85D}.Release|Any CPU.Build.0 = Release|Any CPU
		{5BC1136B-A1AA-4837-B432-5C9C3605E85D}.Release|x64.ActiveCfg = Release|Any CPU
		{5BC1136B-A1AA-4837-B432-5C9C3605E85D}.Release|x64.Build.0 = Release|Any CPU
		{5BC1136B-A1AA-4837-B432-5C9C3605E85D}.Release|x86.ActiveCfg = Release|Any CPU
		{5BC1136B-A1AA-4837-B432-5C9C3605E85D}.Release|x86.Build.0 = Release|Any CPU
		{284DF281-98C8-485D-B372-7FA3E4DB956A}.Debug|Any CPU.ActiveCfg = Debug|Any CPU
		{284DF281-98C8-485D-B372-7FA3E4DB956A}.Debug|Any CPU.Build.0 = Debug|Any CPU
		{284DF281-98C8-485D-B372-7FA3E4DB956A}.Debug|x64.ActiveCfg = Debug|Any CPU
		{284DF281-98C8-485D-B372-7FA3E4DB956A}.Debug|x64.Build.0 = Debug|Any CPU
		{284DF281-98C8-485D-B372-7FA3E4DB956A}.Debug|x86.ActiveCfg = Debug|Any CPU
		{284DF281-98C8-485D-B372-7FA3E4DB956A}.Debug|x86.Build.0 = Debug|Any CPU
		{284DF281-98C8-485D-B372-7FA3E4DB956A}.Release|Any CPU.ActiveCfg = Release|Any CPU
		{284DF281-98C8-485D-B372-7FA3E4DB956A}.Release|Any CPU.Build.0 = Release|Any CPU
		{284DF281-98C8-485D-B372-7FA3E4DB956A}.Release|x64.ActiveCfg = Release|Any CPU
		{284DF281-98C8-485D-B372-7FA3E4DB956A}.Release|x64.Build.0 = Release|Any CPU
		{284DF281-98C8-485D-B372-7FA3E4DB956A}.Release|x86.ActiveCfg = Release|Any CPU
		{284DF281-98C8-485D-B372-7FA3E4DB956A}.Release|x86.Build.0 = Release|Any CPU
		{DDC1C550-52ED-4986-86A8-3BDB044CD959}.Debug|Any CPU.ActiveCfg = Debug|Any CPU
		{DDC1C550-52ED-4986-86A8-3BDB044CD959}.Debug|Any CPU.Build.0 = Debug|Any CPU
		{DDC1C550-52ED-4986-86A8-3BDB044CD959}.Debug|x64.ActiveCfg = Debug|Any CPU
		{DDC1C550-52ED-4986-86A8-3BDB044CD959}.Debug|x64.Build.0 = Debug|Any CPU
		{DDC1C550-52ED-4986-86A8-3BDB044CD959}.Debug|x86.ActiveCfg = Debug|Any CPU
		{DDC1C550-52ED-4986-86A8-3BDB044CD959}.Debug|x86.Build.0 = Debug|Any CPU
		{DDC1C550-52ED-4986-86A8-3BDB044CD959}.Release|Any CPU.ActiveCfg = Release|Any CPU
		{DDC1C550-52ED-4986-86A8-3BDB044CD959}.Release|Any CPU.Build.0 = Release|Any CPU
		{DDC1C550-52ED-4986-86A8-3BDB044CD959}.Release|x64.ActiveCfg = Release|Any CPU
		{DDC1C550-52ED-4986-86A8-3BDB044CD959}.Release|x64.Build.0 = Release|Any CPU
		{DDC1C550-52ED-4986-86A8-3BDB044CD959}.Release|x86.ActiveCfg = Release|Any CPU
		{DDC1C550-52ED-4986-86A8-3BDB044CD959}.Release|x86.Build.0 = Release|Any CPU
		{6D1596A7-1C50-4C6C-B083-49FF834245BA}.Debug|Any CPU.ActiveCfg = Debug|Any CPU
		{6D1596A7-1C50-4C6C-B083-49FF834245BA}.Debug|Any CPU.Build.0 = Debug|Any CPU
		{6D1596A7-1C50-4C6C-B083-49FF834245BA}.Debug|x64.ActiveCfg = Debug|Any CPU
		{6D1596A7-1C50-4C6C-B083-49FF834245BA}.Debug|x64.Build.0 = Debug|Any CPU
		{6D1596A7-1C50-4C6C-B083-49FF834245BA}.Debug|x86.ActiveCfg = Debug|Any CPU
		{6D1596A7-1C50-4C6C-B083-49FF834245BA}.Debug|x86.Build.0 = Debug|Any CPU
		{6D1596A7-1C50-4C6C-B083-49FF834245BA}.Release|Any CPU.ActiveCfg = Release|Any CPU
		{6D1596A7-1C50-4C6C-B083-49FF834245BA}.Release|Any CPU.Build.0 = Release|Any CPU
		{6D1596A7-1C50-4C6C-B083-49FF834245BA}.Release|x64.ActiveCfg = Release|Any CPU
		{6D1596A7-1C50-4C6C-B083-49FF834245BA}.Release|x64.Build.0 = Release|Any CPU
		{6D1596A7-1C50-4C6C-B083-49FF834245BA}.Release|x86.ActiveCfg = Release|Any CPU
		{6D1596A7-1C50-4C6C-B083-49FF834245BA}.Release|x86.Build.0 = Release|Any CPU
		{D3844B3B-6948-41A3-AD82-31802C87C1A8}.Debug|Any CPU.ActiveCfg = Debug|Any CPU
		{D3844B3B-6948-41A3-AD82-31802C87C1A8}.Debug|Any CPU.Build.0 = Debug|Any CPU
		{D3844B3B-6948-41A3-AD82-31802C87C1A8}.Debug|x64.ActiveCfg = Debug|Any CPU
		{D3844B3B-6948-41A3-AD82-31802C87C1A8}.Debug|x64.Build.0 = Debug|Any CPU
		{D3844B3B-6948-41A3-AD82-31802C87C1A8}.Debug|x86.ActiveCfg = Debug|Any CPU
		{D3844B3B-6948-41A3-AD82-31802C87C1A8}.Debug|x86.Build.0 = Debug|Any CPU
		{D3844B3B-6948-41A3-AD82-31802C87C1A8}.Release|Any CPU.ActiveCfg = Release|Any CPU
		{D3844B3B-6948-41A3-AD82-31802C87C1A8}.Release|Any CPU.Build.0 = Release|Any CPU
		{D3844B3B-6948-41A3-AD82-31802C87C1A8}.Release|x64.ActiveCfg = Release|Any CPU
		{D3844B3B-6948-41A3-AD82-31802C87C1A8}.Release|x64.Build.0 = Release|Any CPU
		{D3844B3B-6948-41A3-AD82-31802C87C1A8}.Release|x86.ActiveCfg = Release|Any CPU
		{D3844B3B-6948-41A3-AD82-31802C87C1A8}.Release|x86.Build.0 = Release|Any CPU
		{3E6486AB-6FC7-49D7-8F19-9A9669B1F4DA}.Debug|Any CPU.ActiveCfg = Debug|Any CPU
		{3E6486AB-6FC7-49D7-8F19-9A9669B1F4DA}.Debug|Any CPU.Build.0 = Debug|Any CPU
		{3E6486AB-6FC7-49D7-8F19-9A9669B1F4DA}.Debug|x64.ActiveCfg = Debug|Any CPU
		{3E6486AB-6FC7-49D7-8F19-9A9669B1F4DA}.Debug|x64.Build.0 = Debug|Any CPU
		{3E6486AB-6FC7-49D7-8F19-9A9669B1F4DA}.Debug|x86.ActiveCfg = Debug|Any CPU
		{3E6486AB-6FC7-49D7-8F19-9A9669B1F4DA}.Debug|x86.Build.0 = Debug|Any CPU
		{3E6486AB-6FC7-49D7-8F19-9A9669B1F4DA}.Release|Any CPU.ActiveCfg = Release|Any CPU
		{3E6486AB-6FC7-49D7-8F19-9A9669B1F4DA}.Release|Any CPU.Build.0 = Release|Any CPU
		{3E6486AB-6FC7-49D7-8F19-9A9669B1F4DA}.Release|x64.ActiveCfg = Release|Any CPU
		{3E6486AB-6FC7-49D7-8F19-9A9669B1F4DA}.Release|x64.Build.0 = Release|Any CPU
		{3E6486AB-6FC7-49D7-8F19-9A9669B1F4DA}.Release|x86.ActiveCfg = Release|Any CPU
		{3E6486AB-6FC7-49D7-8F19-9A9669B1F4DA}.Release|x86.Build.0 = Release|Any CPU
	EndGlobalSection
	GlobalSection(SolutionProperties) = preSolution
		HideSolutionNode = FALSE
	EndGlobalSection
EndGlobal
