{
  "version": 2,
  "dependencies": {
    "net10.0": {
      "Npgsql.EntityFrameworkCore.PostgreSQL": {
        "type": "Direct",
        "requested": "[10.0.3, )",
        "resolved": "10.0.3",
        "contentHash": "IPGrrZnRkuW7OlHDhUESZz4G5DLkW7Nej/O3Cx+0iTsgyU5XJxBgpsvTHLloo3WWuAKKbDHXBvWPVkX1deRh1Q==",
        "dependencies": {
          "Microsoft.EntityFrameworkCore": "[10.0.4, 11.0.0)",
          "Microsoft.EntityFrameworkCore.Relational": "[10.0.4, 11.0.0)",
          "Npgsql": "10.0.3"
        }
      },
      "ClosedXML.Parser": {
        "type": "Transitive",
        "resolved": "2.0.0",
        "contentHash": "ngTqjYreDYNytG1W5d3ewHsw0ukmmrgV7EKnS4/40rXoYZGt07jrBvo+N+GxT49rcageUMUiprV0jYT4nwVBHQ=="
      },
      "DocumentFormat.OpenXml": {
        "type": "Transitive",
        "resolved": "3.1.1",
        "contentHash": "2z9QBzeTLNNKWM9SaOSDMegfQk/7hDuElOsmF77pKZMkFRP/GHA/W/4yOAQD9kn15N/FsFxHn3QVYkatuZghiA==",
        "dependencies": {
          "DocumentFormat.OpenXml.Framework": "3.1.1"
        }
      },
      "DocumentFormat.OpenXml.Framework": {
        "type": "Transitive",
        "resolved": "3.1.1",
        "contentHash": "6APEp/ElZV58S/4v8mf4Ke3ONEDORs64MqdD64Z7wWpcHANB9oovQsGIwtqjnKihulOj7T0a6IxHIHOfMqKOng==",
        "dependencies": {
          "System.IO.Packaging": "8.0.1"
        }
      },
      "ExcelNumberFormat": {
        "type": "Transitive",
        "resolved": "1.1.0",
        "contentHash": "R3BVHPs9O+RkExbZYTGT0+9HLbi8ZrNij1Yziyw6znd3J7P3uoIR07uwTLGOogtz1p6+0sna66eBoXu7tBiVQA=="
      },
      "HotChocolate.Execution.Abstractions": {
        "type": "Transitive",
        "resolved": "16.6.1",
        "contentHash": "WMsl2cq2Y3EzhuKYrKW0jKqyAtNKOiguhcBcLMezOa8WSzBnmu/bT2Or8k5cK83sAwCnFv/yNJ0KOZBuKIhLQQ==",
        "dependencies": {
          "HotChocolate.Features": "16.6.1",
          "HotChocolate.Language.SyntaxTree": "16.6.1",
          "HotChocolate.Language.Web": "16.6.1",
          "HotChocolate.Primitives": "16.6.1",
          "HotChocolate.Text.Json": "16.6.1",
          "HotChocolate.Types.Abstractions": "16.6.1",
          "HotChocolate.Utilities.Buffers": "16.6.1",
          "HotChocolate.Utilities.Tasks": "16.6.1",
          "Microsoft.Extensions.DependencyInjection.Abstractions": "10.0.0"
        }
      },
      "HotChocolate.Features": {
        "type": "Transitive",
        "resolved": "16.6.1",
        "contentHash": "zjgFDpMuUzubDMPGYqvo9lO+VfnST+6ZHKer8p6FtiYjGr5J9wboDAxa1ftoaoosX7yzzY3IbmVuISv4AgNkNw=="
      },
      "HotChocolate.Language": {
        "type": "Transitive",
        "resolved": "16.6.1",
        "contentHash": "pLLump0T6qV2hROJhirDP4tlMTMVp/4JMjcACqQ3W/Ud+8GqOonDRh2Dat6j5WVHVsDQ/MGVHJiZnV5GIB5TiQ==",
        "dependencies": {
          "HotChocolate.Language.SyntaxTree": "16.6.1",
          "HotChocolate.Language.Utf8": "16.6.1",
          "HotChocolate.Language.Visitors": "16.6.1",
          "HotChocolate.Language.Web": "16.6.1"
        }
      },
      "HotChocolate.Language.SyntaxTree": {
        "type": "Transitive",
        "resolved": "16.6.1",
        "contentHash": "lImykMum1gdNoNXKt+NlcwZsFtyw++vei4wemmMN+hHdVanAeGwGpOY3wwoN0Vk2N4Wzyaz2FqZw5450EJyeiw==",
        "dependencies": {
          "HotChocolate.Utilities.Buffers": "16.6.1",
          "Microsoft.Extensions.ObjectPool": "10.0.0"
        }
      },
      "HotChocolate.Language.Utf8": {
        "type": "Transitive",
        "resolved": "16.6.1",
        "contentHash": "XVKz2bO4+hucnvqGbUKX+RThipBoH4bfhTMJHtTrxNh7FPHEPETJZwqZpSkTJHOKNCqLYlcVkFctQu+IYoedfQ==",
        "dependencies": {
          "HotChocolate.Language.SyntaxTree": "16.6.1",
          "HotChocolate.Language.Utf8.SyntaxTree": "16.6.1",
          "HotChocolate.Utilities.Buffers": "16.6.1"
        }
      },
      "HotChocolate.Language.Utf8.SyntaxTree": {
        "type": "Transitive",
        "resolved": "16.6.1",
        "contentHash": "FxMvELX2w2cSTbD4rXvk+ydvbfDOvLNRCT9ClTbcCDz+hwaNHGdktSBZFi3tu2wpocVzKhvQ7tWkWniDWVqHxQ==",
        "dependencies": {
          "HotChocolate.Language.SyntaxTree": "16.6.1",
          "HotChocolate.Utilities.Buffers": "16.6.1"
        }
      },
      "HotChocolate.Language.Visitors": {
        "type": "Transitive",
        "resolved": "16.6.1",
        "contentHash": "2oozxeUexThb6BqhzgC+2jiijbXqSTBxqWY7gJIACn3ysKFgquE8QFw8oQCvszowxp8UBPgnFifOhWQ5iw11zA==",
        "dependencies": {
          "HotChocolate.Language.SyntaxTree": "16.6.1"
        }
      },
      "HotChocolate.Language.Web": {
        "type": "Transitive",
        "resolved": "16.6.1",
        "contentHash": "q8jhJyPdKlMHEk4oaqDWZPpTYyyhc7wGlhoRx2N4dV/ysFj+QJXs//dC69+fmVn/N6eWuThkAJ6dfZTFuAhFrw==",
        "dependencies": {
          "HotChocolate.Language.Utf8": "16.6.1",
          "HotChocolate.Language.Visitors": "16.6.1"
        }
      },
      "HotChocolate.Primitives": {
        "type": "Transitive",
        "resolved": "16.6.1",
        "contentHash": "MPwIEfwY43x1FTAb76SxtovGHRr+l4wgIqg6Ze9MyWLDD93+GXIHb/a0rhKG5o+a+ha3bltYZJYhKwBgxbxY5Q==",
        "dependencies": {
          "HotChocolate.Language": "16.6.1"
        }
      },
      "HotChocolate.Text.Json": {
        "type": "Transitive",
        "resolved": "16.6.1",
        "contentHash": "ex9c+TZmy1cH9g/0XL9ZhAX46u8xc1cdpNtIXrbZlvJAiIKWhka91T31UlHkrWn89WHiqZeRYw76bkaXxekJGA=="
      },
      "HotChocolate.Transport.Abstractions": {
        "type": "Transitive",
        "resolved": "16.6.1",
        "contentHash": "kwijoEs5Hmj90wKi8+0qv9Snldhwns5vk/gyE3x6PqlMBtYeb/5vRC+37SwmSItIFGjwKgsxgtqLCeIRIKTbzQ==",
        "dependencies": {
          "HotChocolate.Language.SyntaxTree": "16.6.1",
          "HotChocolate.Language.Web": "16.6.1",
          "HotChocolate.Utilities.Buffers": "16.6.1"
        }
      },
      "HotChocolate.Transport.Http": {
        "type": "Transitive",
        "resolved": "16.6.1",
        "contentHash": "HulBS2jQDhSFelJSZnR9n2hJ0OEW52t/RPJhqR6o+6MS9ewMgBngVuhRaBXvS5wUVyO/ASSRZhIGAwm5gip1fQ==",
        "dependencies": {
          "HotChocolate.Transport.Abstractions": "16.6.1",
          "HotChocolate.Utilities.Buffers": "16.6.1",
          "HotChocolate.Utilities.Tasks": "16.6.1",
          "Microsoft.Extensions.Http": "10.0.0",
          "System.IO.Hashing": "10.0.0"
        }
      },
      "HotChocolate.Types.Abstractions": {
        "type": "Transitive",
        "resolved": "16.6.1",
        "contentHash": "+cyrDd1h7Hlzphzv7xOTVGi4MP9+KHOaG73pL1NMBYqCC6wRu2mak1klYTGPP9+LcAvkhTbYRyujXnz1d+c9Eg==",
        "dependencies": {
          "HotChocolate.Features": "16.6.1",
          "HotChocolate.Primitives": "16.6.1"
        }
      },
      "HotChocolate.Utilities.Buffers": {
        "type": "Transitive",
        "resolved": "16.6.1",
        "contentHash": "ZMxAooGfreKtLoVcqEyTT0zgcWVH1/5HdsbrQrlLLtKwMV/30S9rOVf+EQP2LgecjQczmT7ePQ9tzgN2OG09JA=="
      },
      "HotChocolate.Utilities.Tasks": {
        "type": "Transitive",
        "resolved": "16.6.1",
        "contentHash": "kLoNsqxEA4/Lckos689y4HOtDMVVso5UqeWVP6WJftYZSIt+IOep6Cr1smoHwbDlWXW1ByYlC+GlV052w/a8ww=="
      },
      "Microsoft.AspNetCore.Http.Features": {
        "type": "Transitive",
        "resolved": "2.3.11",
        "contentHash": "TRQWR0vHBUUAEynbgCI3/MRf4+xRj8TsljoUPYxqiombhYhoEYHnr1sowozU1L/OyJHkPdm2IscJ9JBa0kcgbw==",
        "dependencies": {
          "Microsoft.Extensions.Primitives": "8.0.0"
        }
      },
      "Microsoft.AspNetCore.WebUtilities": {
        "type": "Transitive",
        "resolved": "10.0.0",
        "contentHash": "zdstnPGqEnNnC5C5hCRcO/9KzEPgLCUJ7K7l1d+OJtsBagcYqwsC9zsC5GSqlvNrOKSa2QRqhRv6eNutMm/rgQ==",
        "dependencies": {
          "Microsoft.Net.Http.Headers": "10.0.0"
        }
      },
      "Microsoft.EntityFrameworkCore.Abstractions": {
        "type": "Transitive",
        "resolved": "10.0.11",
        "contentHash": "6auJR+9+9VunznKfH7WGrHMrnrmA0F7JZ22EXzwXvVhjfnbu9Xq7NSIWaOf3KJsOanM2qf5ajJ2JR5TlcPZTLA=="
      },
      "Microsoft.EntityFrameworkCore.Analyzers": {
        "type": "Transitive",
        "resolved": "10.0.11",
        "contentHash": "Bv7X4wSSnzCQED9WYXKJ8fwgyvKwf0xZM1GO8xkf6CF9zl+UBnvjxmcPnokJRy0JKjc1SlHSzzhx1HcL4jitTQ=="
      },
      "Microsoft.Extensions.Caching.Abstractions": {
        "type": "Transitive",
        "resolved": "10.0.11",
        "contentHash": "vUl798SmruTqqlt/xH2gDk3tJlhk6k3HdOXAHirlRfbNKDym4g/kRpUL9S4sl6F6FsOTOMW+ZsDapqlZMOOiEw==",
        "dependencies": {
          "Microsoft.Extensions.Primitives": "10.0.11"
        }
      },
      "Microsoft.Extensions.Caching.Memory": {
        "type": "Transitive",
        "resolved": "10.0.11",
        "contentHash": "el1g0mBEbDBGY2bT9mcSfrTWO8QlPdq2nOCnvQugioOFwHV+bVBMeiakoI0dNOdj8d6Hi9K6HY2xzRUWJiDR3w==",
        "dependencies": {
          "Microsoft.Extensions.Caching.Abstractions": "10.0.11",
          "Microsoft.Extensions.DependencyInjection.Abstractions": "10.0.11",
          "Microsoft.Extensions.Logging.Abstractions": "10.0.11",
          "Microsoft.Extensions.Options": "10.0.11",
          "Microsoft.Extensions.Primitives": "10.0.11"
        }
      },
      "Microsoft.Extensions.Configuration": {
        "type": "Transitive",
        "resolved": "10.0.11",
        "contentHash": "wlhRqZW8LcJPa+vk2oLAc/REXDItHtkFQdf/QcXYGZbZOO13izcsKY1pCvuFQYwUiZD+hwSZwsKASjqT+BNaVg==",
        "dependencies": {
          "Microsoft.Extensions.Configuration.Abstractions": "10.0.11",
          "Microsoft.Extensions.Primitives": "10.0.11"
        }
      },
      "Microsoft.Extensions.Configuration.Abstractions": {
        "type": "Transitive",
        "resolved": "10.0.11",
        "contentHash": "fVi053xdpda9Em7vSkmgVxO/PtgC2m78ekReKWsgcyskqY0U82Bz/MONwxpGzI0hElYKJfw+fupqMVeKW3fSaA==",
        "dependencies": {
          "Microsoft.Extensions.Primitives": "10.0.11"
        }
      },
      "Microsoft.Extensions.Configuration.Binder": {
        "type": "Transitive",
        "resolved": "10.0.11",
        "contentHash": "rFn8RuszZn3qquPVkDytMUlPc2+rXl9MCoygwc1XmAgC5vg5/oXJ8hkOosOrLoBLsqdTy4lFwP6iQdPS9uSYOA==",
        "dependencies": {
          "Microsoft.Extensions.Configuration": "10.0.11",
          "Microsoft.Extensions.Configuration.Abstractions": "10.0.11"
        }
      },
      "Microsoft.Extensions.DependencyInjection": {
        "type": "Transitive",
        "resolved": "10.0.11",
        "contentHash": "PSmotV19c7E3lKed++uYo1kSiXFI+uTl37CBSrhq+CfLC3FCHjG7R91+xPnNehQfHS1b0Tzo/CCLPWH3qaEheg==",
        "dependencies": {
          "Microsoft.Extensions.DependencyInjection.Abstractions": "10.0.11"
        }
      },
      "Microsoft.Extensions.Diagnostics": {
        "type": "Transitive",
        "resolved": "10.0.11",
        "contentHash": "HT70uGPxMLqqnOzKMcnQtDmeV4r0KHr4qVCLhP7SXil9jMEm8sQXwcybxVVFGXZJ1V44xV0mLqQ54aZbcR2OiQ==",
        "dependencies": {
          "Microsoft.Extensions.Configuration": "10.0.11",
          "Microsoft.Extensions.Diagnostics.Abstractions": "10.0.11",
          "Microsoft.Extensions.Options.ConfigurationExtensions": "10.0.11"
        }
      },
      "Microsoft.Extensions.Diagnostics.Abstractions": {
        "type": "Transitive",
        "resolved": "10.0.11",
        "contentHash": "se7Kx8QpJEt+nf26L4qIVAofGTDr1wbexxsh/Fm3Xc04xUkqUXK06KUS7FLwSQYSjqb7q9n+T7MEcXYBhI1Y5g==",
        "dependencies": {
          "Microsoft.Extensions.DependencyInjection.Abstractions": "10.0.11",
          "Microsoft.Extensions.Options": "10.0.11"
        }
      },
      "Microsoft.Extensions.Logging": {
        "type": "Transitive",
        "resolved": "10.0.11",
        "contentHash": "nUOJwgFkSiLHiVGFpU22pIJtuWYewuSYQ3JVuP/gdK8ASMT807Px+TYQiRWs6uSsOmoyFTaVCwKXTasczV6BpA==",
        "dependencies": {
          "Microsoft.Extensions.DependencyInjection": "10.0.11",
          "Microsoft.Extensions.Logging.Abstractions": "10.0.11",
          "Microsoft.Extensions.Options": "10.0.11"
        }
      },
      "Microsoft.Extensions.Logging.Abstractions": {
        "type": "Transitive",
        "resolved": "10.0.11",
        "contentHash": "Ljd0Uxoq5XpScD2Bg0nM/r3mwx7Ao5Uq24eo2ARxbGvqJ7Zht6rt2cJtwVRH4Cv+1ZVMdXz6TB43KbpmsxRrvQ==",
        "dependencies": {
          "Microsoft.Extensions.DependencyInjection.Abstractions": "10.0.11"
        }
      },
      "Microsoft.Extensions.ObjectPool": {
        "type": "Transitive",
        "resolved": "10.0.0",
        "contentHash": "bpeCq0IYmVLACyEUMzFIOQX+zZUElG1t+nu1lSxthe7B+1oNYking7b91305+jNB6iwojp9fqTY9O+Nh7ULQxg=="
      },
      "Microsoft.Extensions.Options": {
        "type": "Transitive",
        "resolved": "10.0.11",
        "contentHash": "eY1GAKcTfD2maP27J84X9IovT3yjHJ2dVDzPmDg6/XqYvt3jMzJhtfQCLjG9pVsZGAd+8DQ2QrjaDcs2+VQLGw==",
        "dependencies": {
          "Microsoft.Extensions.DependencyInjection.Abstractions": "10.0.11",
          "Microsoft.Extensions.Primitives": "10.0.11"
        }
      },
      "Microsoft.Extensions.Primitives": {
        "type": "Transitive",
        "resolved": "10.0.11",
        "contentHash": "SXcz+kF+4Oo9b1+55zntpJFYfwb1jw66ioxptyNOOTDc8g2FHnBFWjZpsWfCvZIhzr0x+4e2trVTs4OKwQfBtw=="
      },
      "Microsoft.Net.Http.Headers": {
        "type": "Transitive",
        "resolved": "10.0.0",
        "contentHash": "oAB8tXiJn2AMMUPEGWNquy9LagAwzb6TTmJmBWcoS9kM5YUbNUMy2UMkW6kMw9wrFpNco4vAZCuY7VLJoKdd3g==",
        "dependencies": {
          "Microsoft.Extensions.Primitives": "10.0.0"
        }
      },
      "Npgsql": {
        "type": "Transitive",
        "resolved": "10.0.3",
        "contentHash": "7nb5YzXuvWWJxB0J8DiyL3we+X4FOctZrt0fIBnucOIaIevFEEwGQVZKtiu9olXdlNAK1eNgqSral6r/jlhI4w==",
        "dependencies": {
          "Microsoft.Extensions.Logging.Abstractions": "10.0.0"
        }
      },
      "RBush.Signed": {
        "type": "Transitive",
        "resolved": "4.0.0",
        "contentHash": "aP5KQxL5RnFNGW1f0euYVBfCatkLw5iEzMRJcXKq8LWWP4Cp3+qoSq1tDDL2vvJ2rM0ychmVMa2VaEKLS6uX4w=="
      },
      "SixLabors.Fonts": {
        "type": "Transitive",
        "resolved": "1.0.0",
        "contentHash": "LFQsCZlV0xlUyXAOMUo5kkSl+8zAQXXbbdwWchtk0B4o7zotZhQsQOcJUELGHdfPfm/xDAsz6hONAuV25bJaAg=="
      },
      "StrawberryShake.Core": {
        "type": "Transitive",
        "resolved": "16.6.1",
        "contentHash": "5t7pqh5rlPv5br+z7LBuO9bxWjWBkulIlG+Zsn2mHZMpnhAbvQGoUtur/DjF7nY57p5JiTM33aZtbfN6dYmMZw==",
        "dependencies": {
          "Microsoft.Extensions.DependencyInjection.Abstractions": "10.0.0",
          "StrawberryShake.Resources": "16.6.1"
        }
      },
      "StrawberryShake.Resources": {
        "type": "Transitive",
        "resolved": "16.6.1",
        "contentHash": "2fdY2FXXIYESwBQf31ZMY9elGAs9Y+7hUWlXEDuq1Rqsw6BR2GVj4+o7Fe6sd2fcoLZK+8CoqHxw/LCcP6/ERw=="
      },
      "StrawberryShake.Transport.Http": {
        "type": "Transitive",
        "resolved": "16.6.1",
        "contentHash": "WkVPWnAfRDbMYmi+rOcCe5oSVyWjDUzTZDxs2zrrfIz+GCinsBuyRu4ab8nEr8QwV5IKmcOUiKZTZqr8P/Mo+A==",
        "dependencies": {
          "HotChocolate.Transport.Http": "16.6.1",
          "Microsoft.AspNetCore.WebUtilities": "10.0.0",
          "Microsoft.Extensions.DependencyInjection.Abstractions": "10.0.0",
          "Microsoft.Extensions.Http": "10.0.0",
          "StrawberryShake.Core": "16.6.1"
        }
      },
      "StrawberryShake.Transport.WebSockets": {
        "type": "Transitive",
        "resolved": "16.6.1",
        "contentHash": "94h3f2a8Ct2WG3qSjE2lVQEBS3rOIdE5PRt4Y4YcD7hbTikfBemNgWKO+qX9zi24jO4mMm49SC19WjqmrybN5g==",
        "dependencies": {
          "Microsoft.Extensions.Options": "10.0.0",
          "StrawberryShake.Core": "16.6.1",
          "StrawberryShake.Resources": "16.6.1"
        }
      },
      "System.IO.Hashing": {
        "type": "Transitive",
        "resolved": "10.0.0",
        "contentHash": "MqSp5IfX9RdWVwTED0WSRL1kZDNB7GlFj64O/NAJs4uO1beBHWEAFLlC7j8Fw/PkI+SUzooLVNvAe4aEkSwsRg=="
      },
      "System.IO.Packaging": {
        "type": "Transitive",
        "resolved": "8.0.1",
        "contentHash": "KYkIOAvPexQOLDxPO2g0BVoWInnQhPpkFzRqvNrNrMhVT6kqhVr0zEb6KCHlptLFukxnZrjuMVAnxK7pOGUYrw=="
      },
      "reftestmanagement.application": {
        "type": "Project",
        "dependencies": {
          "Microsoft.Extensions.DependencyInjection.Abstractions": "[10.0.11, )",
          "Microsoft.Extensions.Http": "[10.0.11, )",
          "RefTestManagement.Domain": "[1.0.0, )",
          "StrawberryShake.Server": "[16.6.1, )"
        }
      },
      "reftestmanagement.auditlog": {
        "type": "Project",
        "dependencies": {
          "Microsoft.AspNetCore.Http.Abstractions": "[2.3.12, )",
          "Microsoft.EntityFrameworkCore": "[10.0.11, )",
          "Microsoft.Extensions.DependencyInjection.Abstractions": "[10.0.11, )"
        }
      },
      "reftestmanagement.domain": {
        "type": "Project",
        "dependencies": {
          "RefTestManagement.AuditLog": "[1.0.0, )"
        }
      },
      "reftestmanagement.infrastructure": {
        "type": "Project",
        "dependencies": {
          "ClosedXML": "[0.105.1, )",
          "HotChocolate.Abstractions": "[16.6.1, )",
          "Microsoft.EntityFrameworkCore": "[10.0.11, )",
          "Microsoft.EntityFrameworkCore.Relational": "[10.0.11, )",
          "QuestPDF": "[2026.7.3, )",
          "RefTestManagement.Application": "[1.0.0, )",
          "RefTestManagement.AuditLog": "[1.0.0, )"
        }
      },
      "ClosedXML": {
        "type": "CentralTransitive",
        "requested": "[0.105.1, )",
        "resolved": "0.105.1",
        "contentHash": "X1ruIP9h2FBEK7jmO0peq3s6/Zqt5ve5a9f9kn6WUjdsUWvGbQlqxuGLz822xuFLlmnSeAfWFTGeX/tZlmAt+g==",
        "dependencies": {
          "ClosedXML.Parser": "2.0.0",
          "DocumentFormat.OpenXml": "[3.1.1, 4.0.0)",
          "ExcelNumberFormat": "1.1.0",
          "RBush.Signed": "4.0.0",
          "SixLabors.Fonts": "[1.0.0, 3.0.0)"
        }
      },
      "HotChocolate.Abstractions": {
        "type": "CentralTransitive",
        "requested": "[16.6.1, )",
        "resolved": "16.6.1",
        "contentHash": "18sGnsRDKdePV3fL1ZZSyXHHGshr5cLKrV+GCasPCtLvd29TqLmTde6AKsyJ52bHlywHfjV+2elyBWAootcOaQ==",
        "dependencies": {
          "HotChocolate.Execution.Abstractions": "16.6.1",
          "HotChocolate.Language": "16.6.1",
          "HotChocolate.Primitives": "16.6.1"
        }
      },
      "Microsoft.AspNetCore.Http.Abstractions": {
        "type": "CentralTransitive",
        "requested": "[2.3.12, )",
        "resolved": "2.3.12",
        "contentHash": "Mc1UKKSU8PmOWqpNdfpRYmqotmoQlsL1SAYwLHIIlTDayjyKng3UVn5+b+mPAEp31vU4ozy0CYeRYvCPqzdxZw==",
        "dependencies": {
          "Microsoft.AspNetCore.Http.Features": "2.3.11"
        }
      },
      "Microsoft.EntityFrameworkCore": {
        "type": "CentralTransitive",
        "requested": "[10.0.11, )",
        "resolved": "10.0.11",
        "contentHash": "VOSGU8en6HZJs8t7UMFN+9vGcRgVOOn6fA44Ngcg2NyvJ3P1KE94iAb0XzaVaGhXGtt+qaM/VtEn0/hzluQJeg==",
        "dependencies": {
          "Microsoft.EntityFrameworkCore.Abstractions": "10.0.11",
          "Microsoft.EntityFrameworkCore.Analyzers": "10.0.11",
          "Microsoft.Extensions.Caching.Memory": "10.0.11",
          "Microsoft.Extensions.Logging": "10.0.11"
        }
      },
      "Microsoft.EntityFrameworkCore.Relational": {
        "type": "CentralTransitive",
        "requested": "[10.0.11, )",
        "resolved": "10.0.11",
        "contentHash": "grznnTJgEYxaWpdKAsTzg6j+89jHgCXWYp+QGtlX5O92+w/VuhWM6JLPYb+uw8M9VhGUvOTsO76dYOy9vNPd5Q==",
        "dependencies": {
          "Microsoft.EntityFrameworkCore": "10.0.11",
          "Microsoft.Extensions.Caching.Memory": "10.0.11",
          "Microsoft.Extensions.Configuration.Abstractions": "10.0.11",
          "Microsoft.Extensions.Logging": "10.0.11"
        }
      },
      "Microsoft.Extensions.DependencyInjection.Abstractions": {
        "type": "CentralTransitive",
        "requested": "[10.0.11, )",
        "resolved": "10.0.11",
        "contentHash": "/a1aJz4m7ylhEDf25ugQChLQoN5XwoGjWw/BoR/ZWWKsO1v4DdJElS1uyngahz4B/eOzjFk1KNTkarRLE5wsIg=="
      },
      "Microsoft.Extensions.Http": {
        "type": "CentralTransitive",
        "requested": "[10.0.11, )",
        "resolved": "10.0.11",
        "contentHash": "ujx8RvcKzkxPFBguwgiygbwWVHVK0P7HFlNJ6I0JBRb28tzwe42jixBoA+dGmqG9IHepPVcm04vv2IDnU93ekA==",
        "dependencies": {
          "Microsoft.Extensions.Configuration.Abstractions": "10.0.11",
          "Microsoft.Extensions.DependencyInjection.Abstractions": "10.0.11",
          "Microsoft.Extensions.Diagnostics": "10.0.11",
          "Microsoft.Extensions.Logging": "10.0.11",
          "Microsoft.Extensions.Logging.Abstractions": "10.0.11",
          "Microsoft.Extensions.Options": "10.0.11"
        }
      },
      "Microsoft.Extensions.Options.ConfigurationExtensions": {
        "type": "CentralTransitive",
        "requested": "[10.0.11, )",
        "resolved": "10.0.11",
        "contentHash": "syEhXQ/sEaSBFaqzlp9gDGHX/nk6gkQkh1sIUpBO1mlBj3Phu1rmb4ML1uCiyPW9N6Kxfxv3y5FGObC+bV01Qw==",
        "dependencies": {
          "Microsoft.Extensions.Configuration.Abstractions": "10.0.11",
          "Microsoft.Extensions.Configuration.Binder": "10.0.11",
          "Microsoft.Extensions.DependencyInjection.Abstractions": "10.0.11",
          "Microsoft.Extensions.Options": "10.0.11",
          "Microsoft.Extensions.Primitives": "10.0.11"
        }
      },
      "QuestPDF": {
        "type": "CentralTransitive",
        "requested": "[2026.7.3, )",
        "resolved": "2026.7.3",
        "contentHash": "MYpJrSLwUkgaX/POQj+9GY8QreFoLXjHCiUPCNl0XrHF+nLDT9KeUFZbeaUNu1P5spt5QeYzCbf2tDF0z5idHg=="
      },
      "StrawberryShake.Server": {
        "type": "CentralTransitive",
        "requested": "[16.6.1, )",
        "resolved": "16.6.1",
        "contentHash": "nX/eXaQqwXEIwyeW679W53Hh+ULbOtB1OINSyZQaiyW/xKEqT2H0uOjhDE5JYNVd+5qiEWz106nUdFbjh3uM/Q==",
        "dependencies": {
          "StrawberryShake.Core": "16.6.1",
          "StrawberryShake.Transport.Http": "16.6.1",
          "StrawberryShake.Transport.WebSockets": "16.6.1"
        }
      }
    }
  }
}