{
  "version": 2,
  "dependencies": {
    "net10.0": {
      "Microsoft.Extensions.DependencyInjection.Abstractions": {
        "type": "Direct",
        "requested": "[10.0.12, )",
        "resolved": "10.0.12",
        "contentHash": "9/qymSh7hVDMGTGwrLz8MRp5zRyXy9adGDOs4HwRdnLil3oZGYuWeZjbmHgCQ9BL1qBroVfgUK3U/nb61617Cw=="
      },
      "Microsoft.Extensions.Http": {
        "type": "Direct",
        "requested": "[10.0.12, )",
        "resolved": "10.0.12",
        "contentHash": "x/fnoUGgmIUjSgLR1p6Mpi/vXc1Xe0xDPJnggPp23I6vwM/kY4nxyOjo8i6G5KPVw+esJM+rJsqnHbdjasvCBw==",
        "dependencies": {
          "Microsoft.Extensions.Configuration.Abstractions": "10.0.12",
          "Microsoft.Extensions.DependencyInjection.Abstractions": "10.0.12",
          "Microsoft.Extensions.Diagnostics": "10.0.12",
          "Microsoft.Extensions.Logging": "10.0.12",
          "Microsoft.Extensions.Logging.Abstractions": "10.0.12",
          "Microsoft.Extensions.Options": "10.0.12"
        }
      },
      "StrawberryShake.Server": {
        "type": "Direct",
        "requested": "[16.6.6, )",
        "resolved": "16.6.6",
        "contentHash": "WfbiUg5VPBb8RQdzL9EqUAc3U1s1vwuM7JI4Q7OEcWkMdp354nePWIdjkFUqiy/OXFq4Frp9wgWPcLq1A2BuBA==",
        "dependencies": {
          "StrawberryShake.Core": "16.6.6",
          "StrawberryShake.Transport.Http": "16.6.6",
          "StrawberryShake.Transport.WebSockets": "16.6.6"
        }
      },
      "HotChocolate.Language.SyntaxTree": {
        "type": "Transitive",
        "resolved": "16.6.6",
        "contentHash": "IqVE/DZdPeWSWFeaQXDoYYFKmwosHKp8uANZ2UaaLR4CT30Z5HE5N6KkK1PlDybWyURF/kCd8rjQyGG71qt3/Q==",
        "dependencies": {
          "HotChocolate.Utilities.Buffers": "16.6.6",
          "Microsoft.Extensions.ObjectPool": "10.0.0"
        }
      },
      "HotChocolate.Language.Utf8": {
        "type": "Transitive",
        "resolved": "16.6.6",
        "contentHash": "fKcLmQjXAMTSUun0pCwH4+7/WEhFs0bXUAobmixekXWmPIjX95wanLAbTY57AnaaCRTD0B6Lg/T+rE+tbkZv2g==",
        "dependencies": {
          "HotChocolate.Language.SyntaxTree": "16.6.6",
          "HotChocolate.Language.Utf8.SyntaxTree": "16.6.6",
          "HotChocolate.Utilities.Buffers": "16.6.6"
        }
      },
      "HotChocolate.Language.Utf8.SyntaxTree": {
        "type": "Transitive",
        "resolved": "16.6.6",
        "contentHash": "+L1Be1Vt+UtY+SGRjZ32RQKUVam/jEwV/XXBoLJl7ElcrvOYjya2g5UmSESqRRb8s75tfw6Wt3iPq1S/G/zEMQ==",
        "dependencies": {
          "HotChocolate.Language.SyntaxTree": "16.6.6",
          "HotChocolate.Utilities.Buffers": "16.6.6"
        }
      },
      "HotChocolate.Language.Visitors": {
        "type": "Transitive",
        "resolved": "16.6.6",
        "contentHash": "yQwCIX3rXuBQp6+hqp8brNGtL+1skjYC+KM36BAIx6/Bd9R61TQS/F8AHmOWg4F/YSF8UjtmZ7kWZ7hZMTvTww==",
        "dependencies": {
          "HotChocolate.Language.SyntaxTree": "16.6.6"
        }
      },
      "HotChocolate.Language.Web": {
        "type": "Transitive",
        "resolved": "16.6.6",
        "contentHash": "bZJihMiz0gk08qNtv5oIOATjrdjVZ5mGhEeTDxtskx+o1nJfrsakuT5NcKoX2P7PjkyvTSxSa41nQTJ5sS294g==",
        "dependencies": {
          "HotChocolate.Language.Utf8": "16.6.6",
          "HotChocolate.Language.Visitors": "16.6.6"
        }
      },
      "HotChocolate.Transport.Abstractions": {
        "type": "Transitive",
        "resolved": "16.6.6",
        "contentHash": "/wVOAhv8SdgXObi4EkC4FXB5VtWdBQNa3DMT3KBIErEWMKRomIjYuQ5jRQe8tjC1xyE0t/x8LzQMMW9lW4JE2w==",
        "dependencies": {
          "HotChocolate.Language.SyntaxTree": "16.6.6",
          "HotChocolate.Language.Web": "16.6.6",
          "HotChocolate.Utilities.Buffers": "16.6.6"
        }
      },
      "HotChocolate.Transport.Http": {
        "type": "Transitive",
        "resolved": "16.6.6",
        "contentHash": "SftO+6jnOfXTmNqHU0BsptQZMn+2rxn+pJEcvG7xzRM9ypjKgoWv9Gt0sFk4A/e5CxsaYc+hkP4qQgU7cnr4Ww==",
        "dependencies": {
          "HotChocolate.Transport.Abstractions": "16.6.6",
          "HotChocolate.Utilities.Buffers": "16.6.6",
          "HotChocolate.Utilities.Tasks": "16.6.6",
          "Microsoft.Extensions.Http": "10.0.0",
          "System.IO.Hashing": "10.0.0"
        }
      },
      "HotChocolate.Utilities.Buffers": {
        "type": "Transitive",
        "resolved": "16.6.6",
        "contentHash": "90Iv2tz6e5ohafySknjwr499U6O1+ytOOZlZ9VhEkRHvQ8Dq+G52Zp8YDg7IOoym/sA1ITTcCAikZTU6S9r3bA=="
      },
      "HotChocolate.Utilities.Tasks": {
        "type": "Transitive",
        "resolved": "16.6.6",
        "contentHash": "D2p/wrYGaBgDTNqQiyutijlAI6Yt9XlryuX0PrLFOLWLbhMm0KZcvKCCoTm59zMYya5mO/wd2vxAYrkIrStK/Q=="
      },
      "Microsoft.AspNetCore.WebUtilities": {
        "type": "Transitive",
        "resolved": "10.0.0",
        "contentHash": "zdstnPGqEnNnC5C5hCRcO/9KzEPgLCUJ7K7l1d+OJtsBagcYqwsC9zsC5GSqlvNrOKSa2QRqhRv6eNutMm/rgQ==",
        "dependencies": {
          "Microsoft.Net.Http.Headers": "10.0.0"
        }
      },
      "Microsoft.Extensions.Configuration": {
        "type": "Transitive",
        "resolved": "10.0.12",
        "contentHash": "e3IPP32CRNL031VZJAUTlCTG0YN7WFh4mN3fsSHTDQCJB+3+f0jGycv4fXk3rrftaY3B85XrQaj7sRthrOsavg==",
        "dependencies": {
          "Microsoft.Extensions.Configuration.Abstractions": "10.0.12",
          "Microsoft.Extensions.Primitives": "10.0.12"
        }
      },
      "Microsoft.Extensions.Configuration.Abstractions": {
        "type": "Transitive",
        "resolved": "10.0.12",
        "contentHash": "8xaGcvS/qZ1otoxPQCEJkNva389CVL/plNcvIETZhQTETYdRkYDPEYhUMoAGONo4FU45ufdfE0j29AfWVVj0wA==",
        "dependencies": {
          "Microsoft.Extensions.Primitives": "10.0.12"
        }
      },
      "Microsoft.Extensions.Configuration.Binder": {
        "type": "Transitive",
        "resolved": "10.0.12",
        "contentHash": "dAgIf1TOr8KLs+aBRIbXUZBjHoSH4rDG8+XkX/Q6AZwkQdMA0+yPDKTHsieeXdZDfpOpZVHzOnuAb5Z2nX3KsA==",
        "dependencies": {
          "Microsoft.Extensions.Configuration": "10.0.12",
          "Microsoft.Extensions.Configuration.Abstractions": "10.0.12"
        }
      },
      "Microsoft.Extensions.DependencyInjection": {
        "type": "Transitive",
        "resolved": "10.0.12",
        "contentHash": "lXyK2O5GoYvfxW8eCFcD16JFbcoSTM1sJkAM0UHS1jZyl9NYMW64Tqm6OQFT0IDBjZi+xHt95/Zg+nxZhGFhZg==",
        "dependencies": {
          "Microsoft.Extensions.DependencyInjection.Abstractions": "10.0.12"
        }
      },
      "Microsoft.Extensions.Diagnostics": {
        "type": "Transitive",
        "resolved": "10.0.12",
        "contentHash": "amx0O/R4dReqKlC3T740+CHpX8D8tAIV0f5kAPfFi4XK9jYo9BSepGt9/rWfvvCoSMaZ1+XvnqPp/Vv2fmTdAg==",
        "dependencies": {
          "Microsoft.Extensions.Configuration": "10.0.12",
          "Microsoft.Extensions.Diagnostics.Abstractions": "10.0.12",
          "Microsoft.Extensions.Options.ConfigurationExtensions": "10.0.12"
        }
      },
      "Microsoft.Extensions.Diagnostics.Abstractions": {
        "type": "Transitive",
        "resolved": "10.0.12",
        "contentHash": "fMp91qlRlMOuHfMyp7LuAnOS+MOeWTF1obJmyFcs4nZCXu6pr+QB1AbFJcl2qpBltBrqF/Y7+Rn9IuNcSuctig==",
        "dependencies": {
          "Microsoft.Extensions.DependencyInjection.Abstractions": "10.0.12",
          "Microsoft.Extensions.Options": "10.0.12"
        }
      },
      "Microsoft.Extensions.Logging": {
        "type": "Transitive",
        "resolved": "10.0.12",
        "contentHash": "6I46fTPfgYkrjRYfRXbho9WOvOelTnNjWuZws/hzGHDASH1LEJeA4VKK9k3wJvido8o7jJSB5WkMTonX7HM1bA==",
        "dependencies": {
          "Microsoft.Extensions.DependencyInjection": "10.0.12",
          "Microsoft.Extensions.Logging.Abstractions": "10.0.12",
          "Microsoft.Extensions.Options": "10.0.12"
        }
      },
      "Microsoft.Extensions.Logging.Abstractions": {
        "type": "Transitive",
        "resolved": "10.0.12",
        "contentHash": "+24lC4plfbEDNfLAdTV/SWKS7dW+16X4HdydO3R++134kSNTzcbYA4KpR1Hdh6uWisB8Za3AzwyOn+K+NxWIug==",
        "dependencies": {
          "Microsoft.Extensions.DependencyInjection.Abstractions": "10.0.12"
        }
      },
      "Microsoft.Extensions.ObjectPool": {
        "type": "Transitive",
        "resolved": "10.0.0",
        "contentHash": "bpeCq0IYmVLACyEUMzFIOQX+zZUElG1t+nu1lSxthe7B+1oNYking7b91305+jNB6iwojp9fqTY9O+Nh7ULQxg=="
      },
      "Microsoft.Extensions.Options": {
        "type": "Transitive",
        "resolved": "10.0.12",
        "contentHash": "TDYD33TSRpXKZWlmTXNlj5kCihxatmv2Ec1u6C+bMYLphCS7PoSLE9Pjd/nunDoE7yETk+LLKjVJX78HYtWjpA==",
        "dependencies": {
          "Microsoft.Extensions.DependencyInjection.Abstractions": "10.0.12",
          "Microsoft.Extensions.Primitives": "10.0.12"
        }
      },
      "Microsoft.Extensions.Primitives": {
        "type": "Transitive",
        "resolved": "10.0.12",
        "contentHash": "dYfCLR52UA+3DL7C4I/pvSaRPkNqxrUAQmbFL2u0zvYKKzqgrFCJl08Df+F1aYc8leu9JvpC9bsURUdpExcBXQ=="
      },
      "Microsoft.Net.Http.Headers": {
        "type": "Transitive",
        "resolved": "10.0.0",
        "contentHash": "oAB8tXiJn2AMMUPEGWNquy9LagAwzb6TTmJmBWcoS9kM5YUbNUMy2UMkW6kMw9wrFpNco4vAZCuY7VLJoKdd3g==",
        "dependencies": {
          "Microsoft.Extensions.Primitives": "10.0.0"
        }
      },
      "StrawberryShake.Core": {
        "type": "Transitive",
        "resolved": "16.6.6",
        "contentHash": "NLQgs6FOgK6B+s4W/sG3ovYZKT43gUOhnIhhPdG+XrfvxGe89aFCxgkABRvqcPx+A5VMeJN6Qf5aL6gqR502Tw==",
        "dependencies": {
          "Microsoft.Extensions.DependencyInjection.Abstractions": "10.0.0",
          "StrawberryShake.Resources": "16.6.6"
        }
      },
      "StrawberryShake.Resources": {
        "type": "Transitive",
        "resolved": "16.6.6",
        "contentHash": "O75U/Ga3S8W3kHxDO73EyYNdeQFQPIJzqZrYvC/dzAb0UseVghARh8aLJHzWuKkw0T+bd9rAND9ZSagdSv4Qag=="
      },
      "StrawberryShake.Transport.Http": {
        "type": "Transitive",
        "resolved": "16.6.6",
        "contentHash": "2s7aSdkAuPUnM4s123Bi4Z6W3bLLVTyo8K11Drws6HD5v6yHefOsCL8xMUqZ9Knl5sSQZJm5bVaAb49/QsZ+7A==",
        "dependencies": {
          "HotChocolate.Transport.Http": "16.6.6",
          "Microsoft.AspNetCore.WebUtilities": "10.0.0",
          "Microsoft.Extensions.DependencyInjection.Abstractions": "10.0.0",
          "Microsoft.Extensions.Http": "10.0.0",
          "StrawberryShake.Core": "16.6.6"
        }
      },
      "StrawberryShake.Transport.WebSockets": {
        "type": "Transitive",
        "resolved": "16.6.6",
        "contentHash": "taibv5LzJvs8Iy3wJib9WJtqlNDaK5pv0gx0A+io4uPKWA7fgKwE4uHh/7heu+sTz0rbj/HjzekNwDvxSvAVaw==",
        "dependencies": {
          "Microsoft.Extensions.Options": "10.0.0",
          "StrawberryShake.Core": "16.6.6",
          "StrawberryShake.Resources": "16.6.6"
        }
      },
      "System.IO.Hashing": {
        "type": "Transitive",
        "resolved": "10.0.0",
        "contentHash": "MqSp5IfX9RdWVwTED0WSRL1kZDNB7GlFj64O/NAJs4uO1beBHWEAFLlC7j8Fw/PkI+SUzooLVNvAe4aEkSwsRg=="
      },
      "reftestmanagement.domain": {
        "type": "Project"
      },
      "Microsoft.Extensions.Options.ConfigurationExtensions": {
        "type": "CentralTransitive",
        "requested": "[10.0.12, )",
        "resolved": "10.0.12",
        "contentHash": "rqpu4qj5WE9x1IHGXSIgHBKi7IUlQaHyp4aXCYIanG2OghlUMFZpZTgExaXwcvmLAJHsxKQWMPpc7D2WIbCVtA==",
        "dependencies": {
          "Microsoft.Extensions.Configuration.Abstractions": "10.0.12",
          "Microsoft.Extensions.Configuration.Binder": "10.0.12",
          "Microsoft.Extensions.DependencyInjection.Abstractions": "10.0.12",
          "Microsoft.Extensions.Options": "10.0.12",
          "Microsoft.Extensions.Primitives": "10.0.12"
        }
      }
    }
  }
}