{
  "version": 2,
  "dependencies": {
    "net10.0": {
      "Microsoft.EntityFrameworkCore.Sqlite": {
        "type": "Direct",
        "requested": "[10.0.12, )",
        "resolved": "10.0.12",
        "contentHash": "rRXkKBWHjtngj2DYqSXOThGpqiR0LQkxk0b0PIVDhVEzfwpgOR7dbKMw1/My8unDCTCwn/blclR7imxntYGvEg==",
        "dependencies": {
          "Microsoft.EntityFrameworkCore.Sqlite.Core": "10.0.12",
          "Microsoft.Extensions.Caching.Memory": "10.0.12",
          "Microsoft.Extensions.Configuration.Abstractions": "10.0.12",
          "Microsoft.Extensions.DependencyModel": "10.0.12",
          "Microsoft.Extensions.Logging": "10.0.12",
          "SQLitePCLRaw.bundle_e_sqlite3": "2.1.12",
          "SQLitePCLRaw.core": "2.1.12"
        }
      },
      "SQLitePCLRaw.lib.e_sqlite3": {
        "type": "Direct",
        "requested": "[3.53.3, )",
        "resolved": "3.53.3",
        "contentHash": "ZXiSbBkrlw2Of/dBqny/qtQol7dlThrUD8zH/jkQicCFm2yn2BbhKsQW0+YHAzhANWz4ZJCz7gvo88BwluVhkA=="
      },
      "ClosedXML.Parser": {
        "type": "Transitive",
        "resolved": "2.0.0",
        "contentHash": "ngTqjYreDYNytG1W5d3ewHsw0ukmmrgV7EKnS4/40rXoYZGt07jrBvo+N+GxT49rcageUMUiprV0jYT4nwVBHQ=="
      },
      "DocumentFormat.OpenXml": {
        "type": "Transitive",
        "resolved": "3.1.1",
        "contentHash": "2z9QBzeTLNNKWM9SaOSDMegfQk/7hDuElOsmF77pKZMkFRP/GHA/W/4yOAQD9kn15N/FsFxHn3QVYkatuZghiA==",
        "dependencies": {
          "DocumentFormat.OpenXml.Framework": "3.1.1"
        }
      },
      "DocumentFormat.OpenXml.Framework": {
        "type": "Transitive",
        "resolved": "3.1.1",
        "contentHash": "6APEp/ElZV58S/4v8mf4Ke3ONEDORs64MqdD64Z7wWpcHANB9oovQsGIwtqjnKihulOj7T0a6IxHIHOfMqKOng==",
        "dependencies": {
          "System.IO.Packaging": "8.0.1"
        }
      },
      "ExcelNumberFormat": {
        "type": "Transitive",
        "resolved": "1.1.0",
        "contentHash": "R3BVHPs9O+RkExbZYTGT0+9HLbi8ZrNij1Yziyw6znd3J7P3uoIR07uwTLGOogtz1p6+0sna66eBoXu7tBiVQA=="
      },
      "HotChocolate.Execution.Abstractions": {
        "type": "Transitive",
        "resolved": "16.6.8",
        "contentHash": "xP832Q62qclZyJcTSSWlgc/SncK4B80psnzVBsECr20ekp6VdZcM2+HQX8zSsA8gJK6xiM/xjY08+I+ygb/hLQ==",
        "dependencies": {
          "HotChocolate.Features": "16.6.8",
          "HotChocolate.Language.SyntaxTree": "16.6.8",
          "HotChocolate.Language.Web": "16.6.8",
          "HotChocolate.Primitives": "16.6.8",
          "HotChocolate.Text.Json": "16.6.8",
          "HotChocolate.Types.Abstractions": "16.6.8",
          "HotChocolate.Utilities.Buffers": "16.6.8",
          "HotChocolate.Utilities.Tasks": "16.6.8",
          "Microsoft.Extensions.DependencyInjection.Abstractions": "10.0.0"
        }
      },
      "HotChocolate.Features": {
        "type": "Transitive",
        "resolved": "16.6.8",
        "contentHash": "bcpz4PyMwiDf0h8olTaiZ61/Waz6jz0oVMvHPdVlW+a6kXnxG1gmS0rYrzOPpqJs1bL1rVr9keImUPt5uPGIsQ=="
      },
      "HotChocolate.Language": {
        "type": "Transitive",
        "resolved": "16.6.8",
        "contentHash": "f0pHdM7oTDx4SxtUmj9Lj/xeyHWWhioZD8ph45Ap30kYHVaeE217UD2g3zz0Y/H97vjdJ0GHix1LwOy8MDqT6g==",
        "dependencies": {
          "HotChocolate.Language.SyntaxTree": "16.6.8",
          "HotChocolate.Language.Utf8": "16.6.8",
          "HotChocolate.Language.Visitors": "16.6.8",
          "HotChocolate.Language.Web": "16.6.8"
        }
      },
      "HotChocolate.Language.SyntaxTree": {
        "type": "Transitive",
        "resolved": "16.6.8",
        "contentHash": "d0sbjItZ8sxSPGuSR1JrlH+5VaRsjDECvZSkg2Me7p7ZmYqOtqWbhkC65wPnEdCrEkWxI3Ym7OTjirsYJuxzbA==",
        "dependencies": {
          "HotChocolate.Utilities.Buffers": "16.6.8",
          "Microsoft.Extensions.ObjectPool": "10.0.0"
        }
      },
      "HotChocolate.Language.Utf8": {
        "type": "Transitive",
        "resolved": "16.6.8",
        "contentHash": "YyJ5BhP59RnUcFIrQIU52kdBH5rRED0APp3QscWkudCkN5xaJf+k7NjX9mJ+amZgC8+UFYio1qOvUisjuUZQWQ==",
        "dependencies": {
          "HotChocolate.Language.SyntaxTree": "16.6.8",
          "HotChocolate.Language.Utf8.SyntaxTree": "16.6.8",
          "HotChocolate.Utilities.Buffers": "16.6.8"
        }
      },
      "HotChocolate.Language.Utf8.SyntaxTree": {
        "type": "Transitive",
        "resolved": "16.6.8",
        "contentHash": "quJmgVu/LsjYnMYaM54ndyubqg3mPoe2P2wLxwVIIKtcCZzre99gX6dhUoDQBPjd8QVVd5hOs1/YTDYL/3s7Ig==",
        "dependencies": {
          "HotChocolate.Language.SyntaxTree": "16.6.8",
          "HotChocolate.Utilities.Buffers": "16.6.8"
        }
      },
      "HotChocolate.Language.Visitors": {
        "type": "Transitive",
        "resolved": "16.6.8",
        "contentHash": "pcdoY2R0UWHwaoU9cLl+1GB7rODC7fBKeYvJwiFQ46JfUg74ton6Wt41S1kmfO4aY4xsIExJjhviejv/08sFcg==",
        "dependencies": {
          "HotChocolate.Language.SyntaxTree": "16.6.8"
        }
      },
      "HotChocolate.Language.Web": {
        "type": "Transitive",
        "resolved": "16.6.8",
        "contentHash": "vhiBvhLP4iOp+zJyplABQXCnOgWLgALX6pF0CZmXHapETtz97FBH2VpP4bDHOfrNBarFsBssDWNQ1zVtUeY8pQ==",
        "dependencies": {
          "HotChocolate.Language.Utf8": "16.6.8",
          "HotChocolate.Language.Visitors": "16.6.8"
        }
      },
      "HotChocolate.Primitives": {
        "type": "Transitive",
        "resolved": "16.6.8",
        "contentHash": "fGn2nHcD/oFUboP296uGDVFbhUCT4e+7h1uWcWLYmpXnh5zk4j1ClDaQAX83LFuWHYtz7Dj6fpFa1UnrvEjixw==",
        "dependencies": {
          "HotChocolate.Language": "16.6.8"
        }
      },
      "HotChocolate.Text.Json": {
        "type": "Transitive",
        "resolved": "16.6.8",
        "contentHash": "oiJv3kkMgBbFbUkXWGuRWvkgJ4QJFXiHaRBplzY7VMnHhx1Rhi90quid2E1VBI9EANgMUM9q30I0iZJSzPKyHQ=="
      },
      "HotChocolate.Transport.Abstractions": {
        "type": "Transitive",
        "resolved": "16.6.8",
        "contentHash": "35l2Sx2u84Zb9C6/f5Ww6UmXd7OhFmJc9TPXZhv11fQzUaqKsh4vykZkVS4ksSLoZ6zFXzRyT8PKC4KQL1KdTw==",
        "dependencies": {
          "HotChocolate.Language.SyntaxTree": "16.6.8",
          "HotChocolate.Language.Web": "16.6.8",
          "HotChocolate.Utilities.Buffers": "16.6.8"
        }
      },
      "HotChocolate.Transport.Http": {
        "type": "Transitive",
        "resolved": "16.6.8",
        "contentHash": "hYG992F4X8gZd4c9jJlnrxb1h3H+NgbWPkv/FwQshUrDLZYi8TuZoqtALdhjCMcFtcyk8JsoEAgkSenGFvN9XQ==",
        "dependencies": {
          "HotChocolate.Transport.Abstractions": "16.6.8",
          "HotChocolate.Utilities.Buffers": "16.6.8",
          "HotChocolate.Utilities.Tasks": "16.6.8",
          "Microsoft.Extensions.Http": "10.0.0",
          "System.IO.Hashing": "10.0.0"
        }
      },
      "HotChocolate.Types.Abstractions": {
        "type": "Transitive",
        "resolved": "16.6.8",
        "contentHash": "q29qGF0N0cGD+WEv2RTIKYcsqarMQvY1vhO0he9VKCg1MWjAVPPBht6Cy+GFu+65cNJgCocWFXe8g5XyfNOZ+w==",
        "dependencies": {
          "HotChocolate.Features": "16.6.8",
          "HotChocolate.Primitives": "16.6.8"
        }
      },
      "HotChocolate.Utilities.Buffers": {
        "type": "Transitive",
        "resolved": "16.6.8",
        "contentHash": "hZE2Sad5nmtnTknpyCz9IAbmWa082z1AXMxmaRfGDMBqS1Ei2DElCsD8FGTcZOceUwxpGqmADI+E8MYsontGjw=="
      },
      "HotChocolate.Utilities.Tasks": {
        "type": "Transitive",
        "resolved": "16.6.8",
        "contentHash": "wLxu27ZqMfOubLolTg2lb0AnpF+7OnDstP+xA7yTO6plycvgNgueeSsy+cYYuwgEsg4lWaUuHxe7qAEPTGScog=="
      },
      "Microsoft.AspNetCore.Http.Features": {
        "type": "Transitive",
        "resolved": "2.3.12",
        "contentHash": "Lq3xByu3oBaIPJrKhL8NIRTwQO177NhztvBG6FBoajnxeDIZn2N5vzfDjcp7eQcyPbWPm9G1yMEi9ah+yMR7kw==",
        "dependencies": {
          "Microsoft.Extensions.Primitives": "8.0.0"
        }
      },
      "Microsoft.AspNetCore.WebUtilities": {
        "type": "Transitive",
        "resolved": "10.0.0",
        "contentHash": "zdstnPGqEnNnC5C5hCRcO/9KzEPgLCUJ7K7l1d+OJtsBagcYqwsC9zsC5GSqlvNrOKSa2QRqhRv6eNutMm/rgQ==",
        "dependencies": {
          "Microsoft.Net.Http.Headers": "10.0.0"
        }
      },
      "Microsoft.Data.Sqlite.Core": {
        "type": "Transitive",
        "resolved": "10.0.12",
        "contentHash": "2aL9eL5HQr0V4b8V909SD+jQAx6qnTTl7sT/v3D8dIvmr2UGdpZIQxqm1pj2Js3e4EYTvpw0oMH7DjapJJuPPw==",
        "dependencies": {
          "SQLitePCLRaw.core": "2.1.12"
        }
      },
      "Microsoft.EntityFrameworkCore.Abstractions": {
        "type": "Transitive",
        "resolved": "10.0.12",
        "contentHash": "kDrux7T6C3V/YYYe2LXr7x6AEsVyq5Y2YoTE9er1SwbDtap3z1g8RgxNh5eKQVyB4T+DKvBBJ4Ezd/VZzJQJZg=="
      },
      "Microsoft.EntityFrameworkCore.Analyzers": {
        "type": "Transitive",
        "resolved": "10.0.12",
        "contentHash": "Kd4o2oO1A6dfKxjz5LS16QyLtpCFTUiFWwmBABETAXRsSImBdRdWeKjSgbbRhAMiV3a3/nWr95ZtzClT4uaADQ=="
      },
      "Microsoft.EntityFrameworkCore.Sqlite.Core": {
        "type": "Transitive",
        "resolved": "10.0.12",
        "contentHash": "DAGu68RfIDD5d6qYhtQqMUsRS7hKKFqHI6h/9VUa4FjMcQ8+IJA0rK+1pDZtrDJ+yi3YAG0L2TSViZ0csEDM0w==",
        "dependencies": {
          "Microsoft.Data.Sqlite.Core": "10.0.12",
          "Microsoft.EntityFrameworkCore.Relational": "10.0.12",
          "Microsoft.Extensions.Caching.Memory": "10.0.12",
          "Microsoft.Extensions.Configuration.Abstractions": "10.0.12",
          "Microsoft.Extensions.DependencyModel": "10.0.12",
          "Microsoft.Extensions.Logging": "10.0.12",
          "SQLitePCLRaw.core": "2.1.12"
        }
      },
      "Microsoft.Extensions.Caching.Abstractions": {
        "type": "Transitive",
        "resolved": "10.0.12",
        "contentHash": "sI3A6MUAyZwccLnwq0cXuRmC3WBtXieimBWafXSfhRJ4jnM2uGVXrqImDDVyW27u4vVaTOGlJxNJd8d1FGvCNQ==",
        "dependencies": {
          "Microsoft.Extensions.Primitives": "10.0.12"
        }
      },
      "Microsoft.Extensions.Caching.Memory": {
        "type": "Transitive",
        "resolved": "10.0.12",
        "contentHash": "fhC3DHcBcFF4bXvHIxFtXJYNut7q7ZItqNFcgWfrIgmpVImlcEKNHhE7ztpNSPJYMHYYStS5QGND2I5mC26yeA==",
        "dependencies": {
          "Microsoft.Extensions.Caching.Abstractions": "10.0.12",
          "Microsoft.Extensions.DependencyInjection.Abstractions": "10.0.12",
          "Microsoft.Extensions.Logging.Abstractions": "10.0.12",
          "Microsoft.Extensions.Options": "10.0.12",
          "Microsoft.Extensions.Primitives": "10.0.12"
        }
      },
      "Microsoft.Extensions.Configuration": {
        "type": "Transitive",
        "resolved": "10.0.12",
        "contentHash": "e3IPP32CRNL031VZJAUTlCTG0YN7WFh4mN3fsSHTDQCJB+3+f0jGycv4fXk3rrftaY3B85XrQaj7sRthrOsavg==",
        "dependencies": {
          "Microsoft.Extensions.Configuration.Abstractions": "10.0.12",
          "Microsoft.Extensions.Primitives": "10.0.12"
        }
      },
      "Microsoft.Extensions.Configuration.Abstractions": {
        "type": "Transitive",
        "resolved": "10.0.12",
        "contentHash": "8xaGcvS/qZ1otoxPQCEJkNva389CVL/plNcvIETZhQTETYdRkYDPEYhUMoAGONo4FU45ufdfE0j29AfWVVj0wA==",
        "dependencies": {
          "Microsoft.Extensions.Primitives": "10.0.12"
        }
      },
      "Microsoft.Extensions.Configuration.Binder": {
        "type": "Transitive",
        "resolved": "10.0.12",
        "contentHash": "dAgIf1TOr8KLs+aBRIbXUZBjHoSH4rDG8+XkX/Q6AZwkQdMA0+yPDKTHsieeXdZDfpOpZVHzOnuAb5Z2nX3KsA==",
        "dependencies": {
          "Microsoft.Extensions.Configuration": "10.0.12",
          "Microsoft.Extensions.Configuration.Abstractions": "10.0.12"
        }
      },
      "Microsoft.Extensions.DependencyInjection": {
        "type": "Transitive",
        "resolved": "10.0.12",
        "contentHash": "lXyK2O5GoYvfxW8eCFcD16JFbcoSTM1sJkAM0UHS1jZyl9NYMW64Tqm6OQFT0IDBjZi+xHt95/Zg+nxZhGFhZg==",
        "dependencies": {
          "Microsoft.Extensions.DependencyInjection.Abstractions": "10.0.12"
        }
      },
      "Microsoft.Extensions.DependencyModel": {
        "type": "Transitive",
        "resolved": "10.0.12",
        "contentHash": "rDPQVTxh/zMTDF7wHlRqL/jjZbwjAP6315ydBxj51pZW7qkAwGwjoSiMutxYI91xmOE3ZXjAGHbYRqzyJV7Urw=="
      },
      "Microsoft.Extensions.Diagnostics": {
        "type": "Transitive",
        "resolved": "10.0.12",
        "contentHash": "amx0O/R4dReqKlC3T740+CHpX8D8tAIV0f5kAPfFi4XK9jYo9BSepGt9/rWfvvCoSMaZ1+XvnqPp/Vv2fmTdAg==",
        "dependencies": {
          "Microsoft.Extensions.Configuration": "10.0.12",
          "Microsoft.Extensions.Diagnostics.Abstractions": "10.0.12",
          "Microsoft.Extensions.Options.ConfigurationExtensions": "10.0.12"
        }
      },
      "Microsoft.Extensions.Diagnostics.Abstractions": {
        "type": "Transitive",
        "resolved": "10.0.12",
        "contentHash": "fMp91qlRlMOuHfMyp7LuAnOS+MOeWTF1obJmyFcs4nZCXu6pr+QB1AbFJcl2qpBltBrqF/Y7+Rn9IuNcSuctig==",
        "dependencies": {
          "Microsoft.Extensions.DependencyInjection.Abstractions": "10.0.12",
          "Microsoft.Extensions.Options": "10.0.12"
        }
      },
      "Microsoft.Extensions.Logging": {
        "type": "Transitive",
        "resolved": "10.0.12",
        "contentHash": "6I46fTPfgYkrjRYfRXbho9WOvOelTnNjWuZws/hzGHDASH1LEJeA4VKK9k3wJvido8o7jJSB5WkMTonX7HM1bA==",
        "dependencies": {
          "Microsoft.Extensions.DependencyInjection": "10.0.12",
          "Microsoft.Extensions.Logging.Abstractions": "10.0.12",
          "Microsoft.Extensions.Options": "10.0.12"
        }
      },
      "Microsoft.Extensions.Logging.Abstractions": {
        "type": "Transitive",
        "resolved": "10.0.12",
        "contentHash": "+24lC4plfbEDNfLAdTV/SWKS7dW+16X4HdydO3R++134kSNTzcbYA4KpR1Hdh6uWisB8Za3AzwyOn+K+NxWIug==",
        "dependencies": {
          "Microsoft.Extensions.DependencyInjection.Abstractions": "10.0.12"
        }
      },
      "Microsoft.Extensions.ObjectPool": {
        "type": "Transitive",
        "resolved": "10.0.0",
        "contentHash": "bpeCq0IYmVLACyEUMzFIOQX+zZUElG1t+nu1lSxthe7B+1oNYking7b91305+jNB6iwojp9fqTY9O+Nh7ULQxg=="
      },
      "Microsoft.Extensions.Options": {
        "type": "Transitive",
        "resolved": "10.0.12",
        "contentHash": "TDYD33TSRpXKZWlmTXNlj5kCihxatmv2Ec1u6C+bMYLphCS7PoSLE9Pjd/nunDoE7yETk+LLKjVJX78HYtWjpA==",
        "dependencies": {
          "Microsoft.Extensions.DependencyInjection.Abstractions": "10.0.12",
          "Microsoft.Extensions.Primitives": "10.0.12"
        }
      },
      "Microsoft.Extensions.Primitives": {
        "type": "Transitive",
        "resolved": "10.0.12",
        "contentHash": "dYfCLR52UA+3DL7C4I/pvSaRPkNqxrUAQmbFL2u0zvYKKzqgrFCJl08Df+F1aYc8leu9JvpC9bsURUdpExcBXQ=="
      },
      "Microsoft.Net.Http.Headers": {
        "type": "Transitive",
        "resolved": "10.0.0",
        "contentHash": "oAB8tXiJn2AMMUPEGWNquy9LagAwzb6TTmJmBWcoS9kM5YUbNUMy2UMkW6kMw9wrFpNco4vAZCuY7VLJoKdd3g==",
        "dependencies": {
          "Microsoft.Extensions.Primitives": "10.0.0"
        }
      },
      "RBush.Signed": {
        "type": "Transitive",
        "resolved": "4.0.0",
        "contentHash": "aP5KQxL5RnFNGW1f0euYVBfCatkLw5iEzMRJcXKq8LWWP4Cp3+qoSq1tDDL2vvJ2rM0ychmVMa2VaEKLS6uX4w=="
      },
      "SixLabors.Fonts": {
        "type": "Transitive",
        "resolved": "1.0.0",
        "contentHash": "LFQsCZlV0xlUyXAOMUo5kkSl+8zAQXXbbdwWchtk0B4o7zotZhQsQOcJUELGHdfPfm/xDAsz6hONAuV25bJaAg=="
      },
      "SQLitePCLRaw.bundle_e_sqlite3": {
        "type": "Transitive",
        "resolved": "2.1.12",
        "contentHash": "mAgscpQMLw5/nfA1Q5oJVAT29yROUo1ifZGbbTpx/lwZpSxMUGoYbKfmvdm8oXER+RzxqBmmQzeBEVKfeHv2nw==",
        "dependencies": {
          "SQLitePCLRaw.lib.e_sqlite3": "2.1.12",
          "SQLitePCLRaw.provider.e_sqlite3": "2.1.12"
        }
      },
      "SQLitePCLRaw.core": {
        "type": "Transitive",
        "resolved": "2.1.12",
        "contentHash": "ETpNw9DY3ckWLgRRAeCHj+GKOuPi61aeczkXhgHexUvqoZBAYg8RYESE2J7O1M7+o6QbdSEZwrw9bfqztUVWXg=="
      },
      "SQLitePCLRaw.provider.e_sqlite3": {
        "type": "Transitive",
        "resolved": "2.1.12",
        "contentHash": "W3oH4XIfCzFrgUSDKHhN6N+dgzA5YHOR2VxX8GB6Qy7CyrJJgxPEG8NirgYWlPQC5P2jz2knSsexWu4tDUL33g==",
        "dependencies": {
          "SQLitePCLRaw.core": "2.1.12"
        }
      },
      "StrawberryShake.Core": {
        "type": "Transitive",
        "resolved": "16.6.8",
        "contentHash": "wVy6ILk5uhfZoDUbfNVaCOeO2HVNoRnFM0KAZ0mfSRnlBSn+cnOMilsuF84RUetv/Xq+BGUoP/fgzQLsdtqPNw==",
        "dependencies": {
          "Microsoft.Extensions.DependencyInjection.Abstractions": "10.0.0",
          "StrawberryShake.Resources": "16.6.8"
        }
      },
      "StrawberryShake.Resources": {
        "type": "Transitive",
        "resolved": "16.6.8",
        "contentHash": "fM1zR4WfZvYLAOT7td3qB2oa2V1s8YEOB49rXn2odfA3UZCXj+W/23laph9YPZMHwtBPyhtW1RHEf8MHQWnxbA=="
      },
      "StrawberryShake.Transport.Http": {
        "type": "Transitive",
        "resolved": "16.6.8",
        "contentHash": "pBFcA5hvS2bB+rZ5MGyh+D+SaImSREse+yIkall0yVVRYu4ITwSLLZj3VwtoehFjeBBGUfc9WQBfGkMMaYKGhg==",
        "dependencies": {
          "HotChocolate.Transport.Http": "16.6.8",
          "Microsoft.AspNetCore.WebUtilities": "10.0.0",
          "Microsoft.Extensions.DependencyInjection.Abstractions": "10.0.0",
          "Microsoft.Extensions.Http": "10.0.0",
          "StrawberryShake.Core": "16.6.8"
        }
      },
      "StrawberryShake.Transport.WebSockets": {
        "type": "Transitive",
        "resolved": "16.6.8",
        "contentHash": "HloKIBBDFdn+Qw3agXYkkkYu8Ovggy+boxbolAQAkPjlZ1SZmmfoN61jF/WPXmXSwVnjeRKYJ8QYFbMoaUy6Lw==",
        "dependencies": {
          "Microsoft.Extensions.Options": "10.0.0",
          "StrawberryShake.Core": "16.6.8",
          "StrawberryShake.Resources": "16.6.8"
        }
      },
      "System.IO.Hashing": {
        "type": "Transitive",
        "resolved": "10.0.0",
        "contentHash": "MqSp5IfX9RdWVwTED0WSRL1kZDNB7GlFj64O/NAJs4uO1beBHWEAFLlC7j8Fw/PkI+SUzooLVNvAe4aEkSwsRg=="
      },
      "System.IO.Packaging": {
        "type": "Transitive",
        "resolved": "8.0.1",
        "contentHash": "KYkIOAvPexQOLDxPO2g0BVoWInnQhPpkFzRqvNrNrMhVT6kqhVr0zEb6KCHlptLFukxnZrjuMVAnxK7pOGUYrw=="
      },
      "reftestmanagement.application": {
        "type": "Project",
        "dependencies": {
          "Microsoft.Extensions.DependencyInjection.Abstractions": "[10.0.12, )",
          "Microsoft.Extensions.Http": "[10.0.12, )",
          "RefTestManagement.Domain": "[1.0.0, )",
          "StrawberryShake.Server": "[16.6.8, )"
        }
      },
      "reftestmanagement.auditlog": {
        "type": "Project",
        "dependencies": {
          "Microsoft.AspNetCore.Http.Abstractions": "[2.3.13, )",
          "Microsoft.EntityFrameworkCore": "[10.0.12, )",
          "Microsoft.Extensions.DependencyInjection.Abstractions": "[10.0.12, )",
          "RefTestManagement.Domain": "[1.0.0, )"
        }
      },
      "reftestmanagement.domain": {
        "type": "Project"
      },
      "reftestmanagement.infrastructure": {
        "type": "Project",
        "dependencies": {
          "ClosedXML": "[0.105.1, )",
          "HotChocolate.Abstractions": "[16.6.8, )",
          "Microsoft.EntityFrameworkCore": "[10.0.12, )",
          "Microsoft.EntityFrameworkCore.Relational": "[10.0.12, )",
          "QuestPDF": "[2026.9.1, )",
          "RefTestManagement.Application": "[1.0.0, )",
          "RefTestManagement.AuditLog": "[1.0.0, )"
        }
      },
      "ClosedXML": {
        "type": "CentralTransitive",
        "requested": "[0.105.1, )",
        "resolved": "0.105.1",
        "contentHash": "X1ruIP9h2FBEK7jmO0peq3s6/Zqt5ve5a9f9kn6WUjdsUWvGbQlqxuGLz822xuFLlmnSeAfWFTGeX/tZlmAt+g==",
        "dependencies": {
          "ClosedXML.Parser": "2.0.0",
          "DocumentFormat.OpenXml": "[3.1.1, 4.0.0)",
          "ExcelNumberFormat": "1.1.0",
          "RBush.Signed": "4.0.0",
          "SixLabors.Fonts": "[1.0.0, 3.0.0)"
        }
      },
      "HotChocolate.Abstractions": {
        "type": "CentralTransitive",
        "requested": "[16.6.8, )",
        "resolved": "16.6.8",
        "contentHash": "OW5/bLQnjlLuU7qExbpEIzlNTXCdCd5wAt0eaCs5d76cfAphkmI9CgpoU9UoZ97qHtR3RVzhQOSR/9e+jjhOBg==",
        "dependencies": {
          "HotChocolate.Execution.Abstractions": "16.6.8",
          "HotChocolate.Language": "16.6.8",
          "HotChocolate.Primitives": "16.6.8"
        }
      },
      "Microsoft.AspNetCore.Http.Abstractions": {
        "type": "CentralTransitive",
        "requested": "[2.3.13, )",
        "resolved": "2.3.13",
        "contentHash": "V40/i3RzwjOpC7aUXkWYac45lD5o/HH/BF6KDgWpto/YWGHW9oHd4OSYg+WkaZxZYXxF4t2fRUWA4KyyABxw8g==",
        "dependencies": {
          "Microsoft.AspNetCore.Http.Features": "2.3.12"
        }
      },
      "Microsoft.EntityFrameworkCore": {
        "type": "CentralTransitive",
        "requested": "[10.0.12, )",
        "resolved": "10.0.12",
        "contentHash": "e7OrVN8U5yr4kuwdTHWBHGVQIVsGfMkAr0Ej1/BnrS989Q0XBVANpIzNZ2bc1GvMZ0/XwMt5InTnmKskxGy99Q==",
        "dependencies": {
          "Microsoft.EntityFrameworkCore.Abstractions": "10.0.12",
          "Microsoft.EntityFrameworkCore.Analyzers": "10.0.12",
          "Microsoft.Extensions.Caching.Memory": "10.0.12",
          "Microsoft.Extensions.Logging": "10.0.12"
        }
      },
      "Microsoft.EntityFrameworkCore.Relational": {
        "type": "CentralTransitive",
        "requested": "[10.0.12, )",
        "resolved": "10.0.12",
        "contentHash": "OiHmr8XzX96dbgMsYGe8qoqg4KxibdZG2r0QUVJBGktFInOp8IrABe8jvcbo5hrqeWfbwpK7fCEBiEPbY/ik4A==",
        "dependencies": {
          "Microsoft.EntityFrameworkCore": "10.0.12",
          "Microsoft.Extensions.Caching.Memory": "10.0.12",
          "Microsoft.Extensions.Configuration.Abstractions": "10.0.12",
          "Microsoft.Extensions.Logging": "10.0.12"
        }
      },
      "Microsoft.Extensions.DependencyInjection.Abstractions": {
        "type": "CentralTransitive",
        "requested": "[10.0.12, )",
        "resolved": "10.0.12",
        "contentHash": "9/qymSh7hVDMGTGwrLz8MRp5zRyXy9adGDOs4HwRdnLil3oZGYuWeZjbmHgCQ9BL1qBroVfgUK3U/nb61617Cw=="
      },
      "Microsoft.Extensions.Http": {
        "type": "CentralTransitive",
        "requested": "[10.0.12, )",
        "resolved": "10.0.12",
        "contentHash": "x/fnoUGgmIUjSgLR1p6Mpi/vXc1Xe0xDPJnggPp23I6vwM/kY4nxyOjo8i6G5KPVw+esJM+rJsqnHbdjasvCBw==",
        "dependencies": {
          "Microsoft.Extensions.Configuration.Abstractions": "10.0.12",
          "Microsoft.Extensions.DependencyInjection.Abstractions": "10.0.12",
          "Microsoft.Extensions.Diagnostics": "10.0.12",
          "Microsoft.Extensions.Logging": "10.0.12",
          "Microsoft.Extensions.Logging.Abstractions": "10.0.12",
          "Microsoft.Extensions.Options": "10.0.12"
        }
      },
      "Microsoft.Extensions.Options.ConfigurationExtensions": {
        "type": "CentralTransitive",
        "requested": "[10.0.12, )",
        "resolved": "10.0.12",
        "contentHash": "rqpu4qj5WE9x1IHGXSIgHBKi7IUlQaHyp4aXCYIanG2OghlUMFZpZTgExaXwcvmLAJHsxKQWMPpc7D2WIbCVtA==",
        "dependencies": {
          "Microsoft.Extensions.Configuration.Abstractions": "10.0.12",
          "Microsoft.Extensions.Configuration.Binder": "10.0.12",
          "Microsoft.Extensions.DependencyInjection.Abstractions": "10.0.12",
          "Microsoft.Extensions.Options": "10.0.12",
          "Microsoft.Extensions.Primitives": "10.0.12"
        }
      },
      "QuestPDF": {
        "type": "CentralTransitive",
        "requested": "[2026.9.1, )",
        "resolved": "2026.9.1",
        "contentHash": "i2BT/v+Ui6Hg9+BZbOci/VfsyvmtY8nlQqAOmFt8iOZ4Hm9aKZZRgZZ+LfrKWYXAHRb3l1EjDcMVfjRaZTt+Cw=="
      },
      "StrawberryShake.Server": {
        "type": "CentralTransitive",
        "requested": "[16.6.8, )",
        "resolved": "16.6.8",
        "contentHash": "3O24c0f4m7dLXHDjQm+gvB8RcSRiU8lEtw445TGufHb7mUeD3IpPV0MIv+TiAuw9eO6fzqQPz/piRXiW+RA2uQ==",
        "dependencies": {
          "StrawberryShake.Core": "16.6.8",
          "StrawberryShake.Transport.Http": "16.6.8",
          "StrawberryShake.Transport.WebSockets": "16.6.8"
        }
      }
    }
  }
}